// !$*UTF8*$!
{
	archiveVersion = 1;
	classes = {
	};
	objectVersion = 51;
	objects = {

/* Begin PBXBuildFile section */
		4E74D38922B83C1F005C6EDF /* NewMessageCell.swift in Sources */ = {isa = PBXBuildFile; fileRef = 4E74D38822B83C1F005C6EDF /* NewMessageCell.swift */; };
		4E8CB88922B806510080B149 /* Repository.swift in Sources */ = {isa = PBXBuildFile; fileRef = 4E8CB88822B806510080B149 /* Repository.swift */; };
		4E8CB88B22B8071C0080B149 /* User.swift in Sources */ = {isa = PBXBuildFile; fileRef = 4E8CB88A22B8071C0080B149 /* User.swift */; };
		4E8CB89422B812910080B149 /* NewMessagePresenter.swift in Sources */ = {isa = PBXBuildFile; fileRef = 4E8CB88E22B812910080B149 /* NewMessagePresenter.swift */; };
		4E8CB89522B812910080B149 /* NewMessageWorker.swift in Sources */ = {isa = PBXBuildFile; fileRef = 4E8CB88F22B812910080B149 /* NewMessageWorker.swift */; };
		4E8CB89622B812910080B149 /* NewMessageRouter.swift in Sources */ = {isa = PBXBuildFile; fileRef = 4E8CB89022B812910080B149 /* NewMessageRouter.swift */; };
		4E8CB89722B812910080B149 /* NewMessageModels.swift in Sources */ = {isa = PBXBuildFile; fileRef = 4E8CB89122B812910080B149 /* NewMessageModels.swift */; };
		4E8CB89822B812910080B149 /* NewMessageViewController.swift in Sources */ = {isa = PBXBuildFile; fileRef = 4E8CB89222B812910080B149 /* NewMessageViewController.swift */; };
		4E8CB89922B812910080B149 /* NewMessageInteractor.swift in Sources */ = {isa = PBXBuildFile; fileRef = 4E8CB89322B812910080B149 /* NewMessageInteractor.swift */; };
		4E8CB89B22B813AF0080B149 /* NewMessageView.swift in Sources */ = {isa = PBXBuildFile; fileRef = 4E8CB89A22B813AF0080B149 /* NewMessageView.swift */; };
		4EE2A1FD22B6455C008AE412 /* AppDelegate.swift in Sources */ = {isa = PBXBuildFile; fileRef = 4EE2A1FC22B6455C008AE412 /* AppDelegate.swift */; };
		4EE2A20122B6455C008AE412 /* ViewController.swift in Sources */ = {isa = PBXBuildFile; fileRef = 4EE2A20022B6455C008AE412 /* ViewController.swift */; };
		4EE2A20422B6455C008AE412 /* Main.storyboard in Resources */ = {isa = PBXBuildFile; fileRef = 4EE2A20222B6455C008AE412 /* Main.storyboard */; };
		4EE2A20622B6455F008AE412 /* Assets.xcassets in Resources */ = {isa = PBXBuildFile; fileRef = 4EE2A20522B6455F008AE412 /* Assets.xcassets */; };
		4EE2A20922B6455F008AE412 /* LaunchScreen.storyboard in Resources */ = {isa = PBXBuildFile; fileRef = 4EE2A20722B6455F008AE412 /* LaunchScreen.storyboard */; };
		4EE2A21422B64604008AE412 /* UIViewExtension.swift in Sources */ = {isa = PBXBuildFile; fileRef = 4EE2A21322B64604008AE412 /* UIViewExtension.swift */; };
		4EE2A21722B6462F008AE412 /* LoginView.swift in Sources */ = {isa = PBXBuildFile; fileRef = 4EE2A21622B6462F008AE412 /* LoginView.swift */; };
		4EE2A21E22B646A3008AE412 /* LoginPresenter.swift in Sources */ = {isa = PBXBuildFile; fileRef = 4EE2A21822B646A3008AE412 /* LoginPresenter.swift */; };
		4EE2A21F22B646A3008AE412 /* LoginWorker.swift in Sources */ = {isa = PBXBuildFile; fileRef = 4EE2A21922B646A3008AE412 /* LoginWorker.swift */; };
		4EE2A22022B646A3008AE412 /* LoginRouter.swift in Sources */ = {isa = PBXBuildFile; fileRef = 4EE2A21A22B646A3008AE412 /* LoginRouter.swift */; };
		4EE2A22122B646A3008AE412 /* LoginModels.swift in Sources */ = {isa = PBXBuildFile; fileRef = 4EE2A21B22B646A3008AE412 /* LoginModels.swift */; };
		4EE2A22222B646A3008AE412 /* LoginViewController.swift in Sources */ = {isa = PBXBuildFile; fileRef = 4EE2A21C22B646A3008AE412 /* LoginViewController.swift */; };
		4EE2A22322B646A3008AE412 /* LoginInteractor.swift in Sources */ = {isa = PBXBuildFile; fileRef = 4EE2A21D22B646A3008AE412 /* LoginInteractor.swift */; };
		4EE2A22A22B646B6008AE412 /* HomePresenter.swift in Sources */ = {isa = PBXBuildFile; fileRef = 4EE2A22422B646B6008AE412 /* HomePresenter.swift */; };
		4EE2A22B22B646B6008AE412 /* HomeWorker.swift in Sources */ = {isa = PBXBuildFile; fileRef = 4EE2A22522B646B6008AE412 /* HomeWorker.swift */; };
		4EE2A22C22B646B6008AE412 /* HomeRouter.swift in Sources */ = {isa = PBXBuildFile; fileRef = 4EE2A22622B646B6008AE412 /* HomeRouter.swift */; };
		4EE2A22D22B646B6008AE412 /* HomeModels.swift in Sources */ = {isa = PBXBuildFile; fileRef = 4EE2A22722B646B6008AE412 /* HomeModels.swift */; };
		4EE2A22E22B646B6008AE412 /* HomeViewController.swift in Sources */ = {isa = PBXBuildFile; fileRef = 4EE2A22822B646B6008AE412 /* HomeViewController.swift */; };
		4EE2A22F22B646B6008AE412 /* HomeInteractor.swift in Sources */ = {isa = PBXBuildFile; fileRef = 4EE2A22922B646B6008AE412 /* HomeInteractor.swift */; };
		4EE2A23222B64715008AE412 /* HomeView.swift in Sources */ = {isa = PBXBuildFile; fileRef = 4EE2A23122B64715008AE412 /* HomeView.swift */; };
		4EE2A23422B647D5008AE412 /* GoogleService-Info.plist in Resources */ = {isa = PBXBuildFile; fileRef = 4EE2A23322B647D5008AE412 /* GoogleService-Info.plist */; };
		F0B20B4FF3EA7CBA3C6F44E5 /* Pods_RealTimeChat.framework in Frameworks */ = {isa = PBXBuildFile; fileRef = D8BAC76FA2E48CF40C9AD7A5 /* Pods_RealTimeChat.framework */; };
/* End PBXBuildFile section */

/* Begin PBXFileReference section */
		4E74D38822B83C1F005C6EDF /* NewMessageCell.swift */ = {isa = PBXFileReference; lastKnownFileType = sourcecode.swift; path = NewMessageCell.swift; sourceTree = "<group>"; };
		4E8CB88822B806510080B149 /* Repository.swift */ = {isa = PBXFileReference; lastKnownFileType = sourcecode.swift; path = Repository.swift; sourceTree = "<group>"; };
		4E8CB88A22B8071C0080B149 /* User.swift */ = {isa = PBXFileReference; lastKnownFileType = sourcecode.swift; path = User.swift; sourceTree = "<group>"; };
		4E8CB88E22B812910080B149 /* NewMessagePresenter.swift */ = {isa = PBXFileReference; lastKnownFileType = sourcecode.swift; path = NewMessagePresenter.swift; sourceTree = "<group>"; };
		4E8CB88F22B812910080B149 /* NewMessageWorker.swift */ = {isa = PBXFileReference; lastKnownFileType = sourcecode.swift; path = NewMessageWorker.swift; sourceTree = "<group>"; };
		4E8CB89022B812910080B149 /* NewMessageRouter.swift */ = {isa = PBXFileReference; lastKnownFileType = sourcecode.swift; path = NewMessageRouter.swift; sourceTree = "<group>"; };
		4E8CB89122B812910080B149 /* NewMessageModels.swift */ = {isa = PBXFileReference; lastKnownFileType = sourcecode.swift; path = NewMessageModels.swift; sourceTree = "<group>"; };
		4E8CB89222B812910080B149 /* NewMessageViewController.swift */ = {isa = PBXFileReference; lastKnownFileType = sourcecode.swift; path = NewMessageViewController.swift; sourceTree = "<group>"; };
		4E8CB89322B812910080B149 /* NewMessageInteractor.swift */ = {isa = PBXFileReference; lastKnownFileType = sourcecode.swift; path = NewMessageInteractor.swift; sourceTree = "<group>"; };
		4E8CB89A22B813AF0080B149 /* NewMessageView.swift */ = {isa = PBXFileReference; lastKnownFileType = sourcecode.swift; path = NewMessageView.swift; sourceTree = "<group>"; };
		4EE2A1F922B6455B008AE412 /* RealTimeChat.app */ = {isa = PBXFileReference; explicitFileType = wrapper.application; includeInIndex = 0; path = RealTimeChat.app; sourceTree = BUILT_PRODUCTS_DIR; };
		4EE2A1FC22B6455C008AE412 /* AppDelegate.swift */ = {isa = PBXFileReference; lastKnownFileType = sourcecode.swift; path = AppDelegate.swift; sourceTree = "<group>"; };
		4EE2A20022B6455C008AE412 /* ViewController.swift */ = {isa = PBXFileReference; lastKnownFileType = sourcecode.swift; path = ViewController.swift; sourceTree = "<group>"; };
		4EE2A20322B6455C008AE412 /* Base */ = {isa = PBXFileReference; lastKnownFileType = file.storyboard; name = Base; path = Base.lproj/Main.storyboard; sourceTree = "<group>"; };
		4EE2A20522B6455F008AE412 /* Assets.xcassets */ = {isa = PBXFileReference; lastKnownFileType = folder.assetcatalog; path = Assets.xcassets; sourceTree = "<group>"; };
		4EE2A20822B6455F008AE412 /* Base */ = {isa = PBXFileReference; lastKnownFileType = file.storyboard; name = Base; path = Base.lproj/LaunchScreen.storyboard; sourceTree = "<group>"; };
		4EE2A20A22B6455F008AE412 /* Info.plist */ = {isa = PBXFileReference; lastKnownFileType = text.plist.xml; path = Info.plist; sourceTree = "<group>"; };
		4EE2A21322B64604008AE412 /* UIViewExtension.swift */ = {isa = PBXFileReference; lastKnownFileType = sourcecode.swift; path = UIViewExtension.swift; sourceTree = "<group>"; };
		4EE2A21622B6462F008AE412 /* LoginView.swift */ = {isa = PBXFileReference; fileEncoding = 4; lastKnownFileType = sourcecode.swift; path = LoginView.swift; sourceTree = "<group>"; };
		4EE2A21822B646A3008AE412 /* LoginPresenter.swift */ = {isa = PBXFileReference; lastKnownFileType = sourcecode.swift; path = LoginPresenter.swift; sourceTree = "<group>"; };
		4EE2A21922B646A3008AE412 /* LoginWorker.swift */ = {isa = PBXFileReference; lastKnownFileType = sourcecode.swift; path = LoginWorker.swift; sourceTree = "<group>"; };
		4EE2A21A22B646A3008AE412 /* LoginRouter.swift */ = {isa = PBXFileReference; lastKnownFileType = sourcecode.swift; path = LoginRouter.swift; sourceTree = "<group>"; };
		4EE2A21B22B646A3008AE412 /* LoginModels.swift */ = {isa = PBXFileReference; lastKnownFileType = sourcecode.swift; path = LoginModels.swift; sourceTree = "<group>"; };
		4EE2A21C22B646A3008AE412 /* LoginViewController.swift */ = {isa = PBXFileReference; lastKnownFileType = sourcecode.swift; path = LoginViewController.swift; sourceTree = "<group>"; };
		4EE2A21D22B646A3008AE412 /* LoginInteractor.swift */ = {isa = PBXFileReference; lastKnownFileType = sourcecode.swift; path = LoginInteractor.swift; sourceTree = "<group>"; };
		4EE2A22422B646B6008AE412 /* HomePresenter.swift */ = {isa = PBXFileReference; lastKnownFileType = sourcecode.swift; path = HomePresenter.swift; sourceTree = "<group>"; };
		4EE2A22522B646B6008AE412 /* HomeWorker.swift */ = {isa = PBXFileReference; lastKnownFileType = sourcecode.swift; path = HomeWorker.swift; sourceTree = "<group>"; };
		4EE2A22622B646B6008AE412 /* HomeRouter.swift */ = {isa = PBXFileReference; lastKnownFileType = sourcecode.swift; path = HomeRouter.swift; sourceTree = "<group>"; };
		4EE2A22722B646B6008AE412 /* HomeModels.swift */ = {isa = PBXFileReference; lastKnownFileType = sourcecode.swift; path = HomeModels.swift; sourceTree = "<group>"; };
		4EE2A22822B646B6008AE412 /* HomeViewController.swift */ = {isa = PBXFileReference; lastKnownFileType = sourcecode.swift; path = HomeViewController.swift; sourceTree = "<group>"; };
		4EE2A22922B646B6008AE412 /* HomeInteractor.swift */ = {isa = PBXFileReference; lastKnownFileType = sourcecode.swift; path = HomeInteractor.swift; sourceTree = "<group>"; };
		4EE2A23122B64715008AE412 /* HomeView.swift */ = {isa = PBXFileReference; lastKnownFileType = sourcecode.swift; path = HomeView.swift; sourceTree = "<group>"; };
		4EE2A23322B647D5008AE412 /* GoogleService-Info.plist */ = {isa = PBXFileReference; fileEncoding = 4; lastKnownFileType = text.plist.xml; path = "GoogleService-Info.plist"; sourceTree = "<group>"; };
		957F03270CC4FE3995B78D18 /* Pods-RealTimeChat.debug.xcconfig */ = {isa = PBXFileReference; includeInIndex = 1; lastKnownFileType = text.xcconfig; name = "Pods-RealTimeChat.debug.xcconfig"; path = "Target Support Files/Pods-RealTimeChat/Pods-RealTimeChat.debug.xcconfig"; sourceTree = "<group>"; };
		CD52DB6CF119394977F7C606 /* Pods-RealTimeChat.release.xcconfig */ = {isa = PBXFileReference; includeInIndex = 1; lastKnownFileType = text.xcconfig; name = "Pods-RealTimeChat.release.xcconfig"; path = "Target Support Files/Pods-RealTimeChat/Pods-RealTimeChat.release.xcconfig"; sourceTree = "<group>"; };
		D8BAC76FA2E48CF40C9AD7A5 /* Pods_RealTimeChat.framework */ = {isa = PBXFileReference; explicitFileType = wrapper.framework; includeInIndex = 0; path = Pods_RealTimeChat.framework; sourceTree = BUILT_PRODUCTS_DIR; };
/* End PBXFileReference section */

/* Begin PBXFrameworksBuildPhase section */
		4EE2A1F622B6455B008AE412 /* Frameworks */ = {
			isa = PBXFrameworksBuildPhase;
			buildActionMask = 2147483647;
			files = (
				F0B20B4FF3EA7CBA3C6F44E5 /* Pods_RealTimeChat.framework in Frameworks */,
			);
			runOnlyForDeploymentPostprocessing = 0;
		};
/* End PBXFrameworksBuildPhase section */

/* Begin PBXGroup section */
		4E8CB88722B806340080B149 /* Data */ = {
			isa = PBXGroup;
			children = (
				4E8CB88822B806510080B149 /* Repository.swift */,
				4E8CB88A22B8071C0080B149 /* User.swift */,
			);
			path = Data;
			sourceTree = "<group>";
		};
		4E8CB88C22B812770080B149 /* NewMessage */ = {
			isa = PBXGroup;
			children = (
				4E8CB88D22B8127E0080B149 /* Views */,
				4E8CB88E22B812910080B149 /* NewMessagePresenter.swift */,
				4E8CB88F22B812910080B149 /* NewMessageWorker.swift */,
				4E8CB89022B812910080B149 /* NewMessageRouter.swift */,
				4E8CB89122B812910080B149 /* NewMessageModels.swift */,
				4E8CB89222B812910080B149 /* NewMessageViewController.swift */,
				4E8CB89322B812910080B149 /* NewMessageInteractor.swift */,
			);
			path = NewMessage;
			sourceTree = "<group>";
		};
		4E8CB88D22B8127E0080B149 /* Views */ = {
			isa = PBXGroup;
			children = (
				4E8CB89A22B813AF0080B149 /* NewMessageView.swift */,
				4E74D38822B83C1F005C6EDF /* NewMessageCell.swift */,
			);
			path = Views;
			sourceTree = "<group>";
		};
		4EE2A1F022B6455B008AE412 = {
			isa = PBXGroup;
			children = (
				4EE2A1FB22B6455C008AE412 /* RealTimeChat */,
				4EE2A1FA22B6455C008AE412 /* Products */,
				BE17A8BB503B6245759619B4 /* Pods */,
				C4B701754052CAFA94D8F0BD /* Frameworks */,
			);
			sourceTree = "<group>";
		};
		4EE2A1FA22B6455C008AE412 /* Products */ = {
			isa = PBXGroup;
			children = (
				4EE2A1F922B6455B008AE412 /* RealTimeChat.app */,
			);
			name = Products;
			sourceTree = "<group>";
		};
		4EE2A1FB22B6455C008AE412 /* RealTimeChat */ = {
			isa = PBXGroup;
			children = (
				4E8CB88C22B812770080B149 /* NewMessage */,
				4E8CB88722B806340080B149 /* Data */,
				4EE2A21222B645E7008AE412 /* Home */,
				4EE2A21122B645E0008AE412 /* Login */,
				4EE2A21022B645D5008AE412 /* Extensions */,
				4EE2A1FC22B6455C008AE412 /* AppDelegate.swift */,
				4EE2A20022B6455C008AE412 /* ViewController.swift */,
				4EE2A20222B6455C008AE412 /* Main.storyboard */,
				4EE2A20522B6455F008AE412 /* Assets.xcassets */,
				4EE2A20722B6455F008AE412 /* LaunchScreen.storyboard */,
				4EE2A20A22B6455F008AE412 /* Info.plist */,
				4EE2A23322B647D5008AE412 /* GoogleService-Info.plist */,
			);
			path = RealTimeChat;
			sourceTree = "<group>";
		};
		4EE2A21022B645D5008AE412 /* Extensions */ = {
			isa = PBXGroup;
			children = (
				4EE2A21322B64604008AE412 /* UIViewExtension.swift */,
			);
			path = Extensions;
			sourceTree = "<group>";
		};
		4EE2A21122B645E0008AE412 /* Login */ = {
			isa = PBXGroup;
			children = (
				4EE2A21522B6461B008AE412 /* Views */,
				4EE2A21822B646A3008AE412 /* LoginPresenter.swift */,
				4EE2A21922B646A3008AE412 /* LoginWorker.swift */,
				4EE2A21A22B646A3008AE412 /* LoginRouter.swift */,
				4EE2A21B22B646A3008AE412 /* LoginModels.swift */,
				4EE2A21C22B646A3008AE412 /* LoginViewController.swift */,
				4EE2A21D22B646A3008AE412 /* LoginInteractor.swift */,
			);
			path = Login;
			sourceTree = "<group>";
		};
		4EE2A21222B645E7008AE412 /* Home */ = {
			isa = PBXGroup;
			children = (
				4EE2A23022B64708008AE412 /* Views */,
				4EE2A22422B646B6008AE412 /* HomePresenter.swift */,
				4EE2A22522B646B6008AE412 /* HomeWorker.swift */,
				4EE2A22622B646B6008AE412 /* HomeRouter.swift */,
				4EE2A22722B646B6008AE412 /* HomeModels.swift */,
				4EE2A22822B646B6008AE412 /* HomeViewController.swift */,
				4EE2A22922B646B6008AE412 /* HomeInteractor.swift */,
			);
			path = Home;
			sourceTree = "<group>";
		};
		4EE2A21522B6461B008AE412 /* Views */ = {
			isa = PBXGroup;
			children = (
				4EE2A21622B6462F008AE412 /* LoginView.swift */,
			);
			path = Views;
			sourceTree = "<group>";
		};
		4EE2A23022B64708008AE412 /* Views */ = {
			isa = PBXGroup;
			children = (
				4EE2A23122B64715008AE412 /* HomeView.swift */,
			);
			path = Views;
			sourceTree = "<group>";
		};
		BE17A8BB503B6245759619B4 /* Pods */ = {
			isa = PBXGroup;
			children = (
				957F03270CC4FE3995B78D18 /* Pods-RealTimeChat.debug.xcconfig */,
				CD52DB6CF119394977F7C606 /* Pods-RealTimeChat.release.xcconfig */,
			);
			path = Pods;
			sourceTree = "<group>";
		};
		C4B701754052CAFA94D8F0BD /* Frameworks */ = {
			isa = PBXGroup;
			children = (
				D8BAC76FA2E48CF40C9AD7A5 /* Pods_RealTimeChat.framework */,
			);
			name = Frameworks;
			sourceTree = "<group>";
		};
/* End PBXGroup section */

/* Begin PBXNativeTarget section */
		4EE2A1F822B6455B008AE412 /* RealTimeChat */ = {
			isa = PBXNativeTarget;
			buildConfigurationList = 4EE2A20D22B6455F008AE412 /* Build configuration list for PBXNativeTarget "RealTimeChat" */;
			buildPhases = (
				A8B51A5310061DC69E7DD126 /* [CP] Check Pods Manifest.lock */,
				4EE2A1F522B6455B008AE412 /* Sources */,
				4EE2A1F622B6455B008AE412 /* Frameworks */,
				4EE2A1F722B6455B008AE412 /* Resources */,
				AB0297A9E0831A366B804A66 /* [CP] Embed Pods Frameworks */,
			);
			buildRules = (
			);
			dependencies = (
			);
			name = RealTimeChat;
			productName = RealTimeChat;
			productReference = 4EE2A1F922B6455B008AE412 /* RealTimeChat.app */;
			productType = "com.apple.product-type.application";
		};
/* End PBXNativeTarget section */

/* Begin PBXProject section */
		4EE2A1F122B6455B008AE412 /* Project object */ = {
			isa = PBXProject;
			attributes = {
				LastSwiftUpdateCheck = 1100;
				LastUpgradeCheck = 1100;
				ORGANIZATIONNAME = "Manuel Salvador del Águila";
				TargetAttributes = {
					4EE2A1F822B6455B008AE412 = {
						CreatedOnToolsVersion = 11.0;
					};
				};
			};
			buildConfigurationList = 4EE2A1F422B6455B008AE412 /* Build configuration list for PBXProject "RealTimeChat" */;
			compatibilityVersion = "Xcode 9.3";
			developmentRegion = en;
			hasScannedForEncodings = 0;
			knownRegions = (
				en,
				Base,
			);
			mainGroup = 4EE2A1F022B6455B008AE412;
			productRefGroup = 4EE2A1FA22B6455C008AE412 /* Products */;
			projectDirPath = "";
			projectRoot = "";
			targets = (
				4EE2A1F822B6455B008AE412 /* RealTimeChat */,
			);
		};
/* End PBXProject section */

/* Begin PBXResourcesBuildPhase section */
		4EE2A1F722B6455B008AE412 /* Resources */ = {
			isa = PBXResourcesBuildPhase;
			buildActionMask = 2147483647;
			files = (
				4EE2A20922B6455F008AE412 /* LaunchScreen.storyboard in Resources */,
				4EE2A23422B647D5008AE412 /* GoogleService-Info.plist in Resources */,
				4EE2A20622B6455F008AE412 /* Assets.xcassets in Resources */,
				4EE2A20422B6455C008AE412 /* Main.storyboard in Resources */,
			);
			runOnlyForDeploymentPostprocessing = 0;
		};
/* End PBXResourcesBuildPhase section */

/* Begin PBXShellScriptBuildPhase section */
		A8B51A5310061DC69E7DD126 /* [CP] Check Pods Manifest.lock */ = {
			isa = PBXShellScriptBuildPhase;
			buildActionMask = 2147483647;
			files = (
			);
			inputFileListPaths = (
			);
			inputPaths = (
				"${PODS_PODFILE_DIR_PATH}/Podfile.lock",
				"${PODS_ROOT}/Manifest.lock",
			);
			name = "[CP] Check Pods Manifest.lock";
			outputFileListPaths = (
			);
			outputPaths = (
				"$(DERIVED_FILE_DIR)/Pods-RealTimeChat-checkManifestLockResult.txt",
			);
			runOnlyForDeploymentPostprocessing = 0;
			shellPath = /bin/sh;
			shellScript = "diff \"${PODS_PODFILE_DIR_PATH}/Podfile.lock\" \"${PODS_ROOT}/Manifest.lock\" > /dev/null\nif [ $? != 0 ] ; then\n    # print error to STDERR\n    echo \"error: The sandbox is not in sync with the Podfile.lock. Run 'pod install' or update your CocoaPods installation.\" >&2\n    exit 1\nfi\n# This output is used by Xcode 'outputs' to avoid re-running this script phase.\necho \"SUCCESS\" > \"${SCRIPT_OUTPUT_FILE_0}\"\n";
			showEnvVarsInLog = 0;
		};
		AB0297A9E0831A366B804A66 /* [CP] Embed Pods Frameworks */ = {
			isa = PBXShellScriptBuildPhase;
			buildActionMask = 2147483647;
			files = (
			);
			inputFileListPaths = (
				"${PODS_ROOT}/Target Support Files/Pods-RealTimeChat/Pods-RealTimeChat-frameworks-${CONFIGURATION}-input-files.xcfilelist",
			);
			name = "[CP] Embed Pods Frameworks";
			outputFileListPaths = (
				"${PODS_ROOT}/Target Support Files/Pods-RealTimeChat/Pods-RealTimeChat-frameworks-${CONFIGURATION}-output-files.xcfilelist",
			);
			runOnlyForDeploymentPostprocessing = 0;
			shellPath = /bin/sh;
			shellScript = "\"${PODS_ROOT}/Target Support Files/Pods-RealTimeChat/Pods-RealTimeChat-frameworks.sh\"\n";
			showEnvVarsInLog = 0;
		};
/* End PBXShellScriptBuildPhase section */

/* Begin PBXSourcesBuildPhase section */
		4EE2A1F522B6455B008AE412 /* Sources */ = {
			isa = PBXSourcesBuildPhase;
			buildActionMask = 2147483647;
			files = (
				4EE2A21E22B646A3008AE412 /* LoginPresenter.swift in Sources */,
				4EE2A22D22B646B6008AE412 /* HomeModels.swift in Sources */,
				4EE2A22322B646A3008AE412 /* LoginInteractor.swift in Sources */,
				4EE2A20122B6455C008AE412 /* ViewController.swift in Sources */,
				4EE2A22A22B646B6008AE412 /* HomePresenter.swift in Sources */,
				4EE2A21F22B646A3008AE412 /* LoginWorker.swift in Sources */,
				4EE2A1FD22B6455C008AE412 /* AppDelegate.swift in Sources */,
				4E8CB89822B812910080B149 /* NewMessageViewController.swift in Sources */,
				4E8CB89622B812910080B149 /* NewMessageRouter.swift in Sources */,
				4E8CB89422B812910080B149 /* NewMessagePresenter.swift in Sources */,
				4EE2A21422B64604008AE412 /* UIViewExtension.swift in Sources */,
				4E74D38922B83C1F005C6EDF /* NewMessageCell.swift in Sources */,
				4EE2A21722B6462F008AE412 /* LoginView.swift in Sources */,
				4EE2A23222B64715008AE412 /* HomeView.swift in Sources */,
				4EE2A22122B646A3008AE412 /* LoginModels.swift in Sources */,
				4EE2A22C22B646B6008AE412 /* HomeRouter.swift in Sources */,
				4EE2A22E22B646B6008AE412 /* HomeViewController.swift in Sources */,
				4E8CB89522B812910080B149 /* NewMessageWorker.swift in Sources */,
				4E8CB89922B812910080B149 /* NewMessageInteractor.swift in Sources */,
				4EE2A22B22B646B6008AE412 /* HomeWorker.swift in Sources */,
				4E8CB89B22B813AF0080B149 /* NewMessageView.swift in Sources */,
				4EE2A22022B646A3008AE412 /* LoginRouter.swift in Sources */,
				4E8CB89722B812910080B149 /* NewMessageModels.swift in Sources */,
				4EE2A22222B646A3008AE412 /* LoginViewController.swift in Sources */,
				4EE2A22F22B646B6008AE412 /* HomeInteractor.swift in Sources */,
				4E8CB88922B806510080B149 /* Repository.swift in Sources */,
				4E8CB88B22B8071C0080B149 /* User.swift in Sources */,
			);
			runOnlyForDeploymentPostprocessing = 0;
		};
/* End PBXSourcesBuildPhase section */

/* Begin PBXVariantGroup section */
		4EE2A20222B6455C008AE412 /* Main.storyboard */ = {
			isa = PBXVariantGroup;
			children = (
				4EE2A20322B6455C008AE412 /* Base */,
			);
			name = Main.storyboard;
			sourceTree = "<group>";
		};
		4EE2A20722B6455F008AE412 /* LaunchScreen.storyboard */ = {
			isa = PBXVariantGroup;
			children = (
				4EE2A20822B6455F008AE412 /* Base */,
			);
			name = LaunchScreen.storyboard;
			sourceTree = "<group>";
		};
/* End PBXVariantGroup section */

/* Begin XCBuildConfiguration section */
		4EE2A20B22B6455F008AE412 /* Debug */ = {
			isa = XCBuildConfiguration;
			buildSettings = {
				ALWAYS_SEARCH_USER_PATHS = NO;
				CLANG_ANALYZER_NONNULL = YES;
				CLANG_ANALYZER_NUMBER_OBJECT_CONVERSION = YES_AGGRESSIVE;
				CLANG_CXX_LANGUAGE_STANDARD = "gnu++14";
				CLANG_CXX_LIBRARY = "libc++";
				CLANG_ENABLE_MODULES = YES;
				CLANG_ENABLE_OBJC_ARC = YES;
				CLANG_ENABLE_OBJC_WEAK = YES;
				CLANG_WARN_BLOCK_CAPTURE_AUTORELEASING = YES;
				CLANG_WARN_BOOL_CONVERSION = YES;
				CLANG_WARN_COMMA = YES;
				CLANG_WARN_CONSTANT_CONVERSION = YES;
				CLANG_WARN_DEPRECATED_OBJC_IMPLEMENTATIONS = YES;
				CLANG_WARN_DIRECT_OBJC_ISA_USAGE = YES_ERROR;
				CLANG_WARN_DOCUMENTATION_COMMENTS = YES;
				CLANG_WARN_EMPTY_BODY = YES;
				CLANG_WARN_ENUM_CONVERSION = YES;
				CLANG_WARN_INFINITE_RECURSION = YES;
				CLANG_WARN_INT_CONVERSION = YES;
				CLANG_WARN_NON_LITERAL_NULL_CONVERSION = YES;
				CLANG_WARN_OBJC_IMPLICIT_RETAIN_SELF = YES;
				CLANG_WARN_OBJC_LITERAL_CONVERSION = YES;
				CLANG_WARN_OBJC_ROOT_CLASS = YES_ERROR;
				CLANG_WARN_RANGE_LOOP_ANALYSIS = YES;
				CLANG_WARN_STRICT_PROTOTYPES = YES;
				CLANG_WARN_SUSPICIOUS_MOVE = YES;
				CLANG_WARN_UNGUARDED_AVAILABILITY = YES_AGGRESSIVE;
				CLANG_WARN_UNREACHABLE_CODE = YES;
				CLANG_WARN__DUPLICATE_METHOD_MATCH = YES;
				COPY_PHASE_STRIP = NO;
				DEBUG_INFORMATION_FORMAT = dwarf;
				ENABLE_STRICT_OBJC_MSGSEND = YES;
				ENABLE_TESTABILITY = YES;
				GCC_C_LANGUAGE_STANDARD = gnu11;
				GCC_DYNAMIC_NO_PIC = NO;
				GCC_NO_COMMON_BLOCKS = YES;
				GCC_OPTIMIZATION_LEVEL = 0;
				GCC_PREPROCESSOR_DEFINITIONS = (
					"DEBUG=1",
					"$(inherited)",
				);
				GCC_WARN_64_TO_32_BIT_CONVERSION = YES;
				GCC_WARN_ABOUT_RETURN_TYPE = YES_ERROR;
				GCC_WARN_UNDECLARED_SELECTOR = YES;
				GCC_WARN_UNINITIALIZED_AUTOS = YES_AGGRESSIVE;
				GCC_WARN_UNUSED_FUNCTION = YES;
				GCC_WARN_UNUSED_VARIABLE = YES;
				IPHONEOS_DEPLOYMENT_TARGET = 13.0;
				MTL_ENABLE_DEBUG_INFO = INCLUDE_SOURCE;
				MTL_FAST_MATH = YES;
				ONLY_ACTIVE_ARCH = YES;
				SDKROOT = iphoneos;
				SWIFT_ACTIVE_COMPILATION_CONDITIONS = DEBUG;
				SWIFT_OPTIMIZATION_LEVEL = "-Onone";
			};
			name = Debug;
		};
		4EE2A20C22B6455F008AE412 /* Release */ = {
			isa = XCBuildConfiguration;
			buildSettings = {
				ALWAYS_SEARCH_USER_PATHS = NO;
				CLANG_ANALYZER_NONNULL = YES;
				CLANG_ANALYZER_NUMBER_OBJECT_CONVERSION = YES_AGGRESSIVE;
				CLANG_CXX_LANGUAGE_STANDARD = "gnu++14";
				CLANG_CXX_LIBRARY = "libc++";
				CLANG_ENABLE_MODULES = YES;
				CLANG_ENABLE_OBJC_ARC = YES;
				CLANG_ENABLE_OBJC_WEAK = YES;
				CLANG_WARN_BLOCK_CAPTURE_AUTORELEASING = YES;
				CLANG_WARN_BOOL_CONVERSION = YES;
				CLANG_WARN_COMMA = YES;
				CLANG_WARN_CONSTANT_CONVERSION = YES;
				CLANG_WARN_DEPRECATED_OBJC_IMPLEMENTATIONS = YES;
				CLANG_WARN_DIRECT_OBJC_ISA_USAGE = YES_ERROR;
				CLANG_WARN_DOCUMENTATION_COMMENTS = YES;
				CLANG_WARN_EMPTY_BODY = YES;
				CLANG_WARN_ENUM_CONVERSION = YES;
				CLANG_WARN_INFINITE_RECURSION = YES;
				CLANG_WARN_INT_CONVERSION = YES;
				CLANG_WARN_NON_LITERAL_NULL_CONVERSION = YES;
				CLANG_WARN_OBJC_IMPLICIT_RETAIN_SELF = YES;
				CLANG_WARN_OBJC_LITERAL_CONVERSION = YES;
				CLANG_WARN_OBJC_ROOT_CLASS = YES_ERROR;
				CLANG_WARN_RANGE_LOOP_ANALYSIS = YES;
				CLANG_WARN_STRICT_PROTOTYPES = YES;
				CLANG_WARN_SUSPICIOUS_MOVE = YES;
				CLANG_WARN_UNGUARDED_AVAILABILITY = YES_AGGRESSIVE;
				CLANG_WARN_UNREACHABLE_CODE = YES;
				CLANG_WARN__DUPLICATE_METHOD_MATCH = YES;
				COPY_PHASE_STRIP = NO;
				DEBUG_INFORMATION_FORMAT = "dwarf-with-dsym";
				ENABLE_NS_ASSERTIONS = NO;
				ENABLE_STRICT_OBJC_MSGSEND = YES;
				GCC_C_LANGUAGE_STANDARD = gnu11;
				GCC_NO_COMMON_BLOCKS = YES;
				GCC_WARN_64_TO_32_BIT_CONVERSION = YES;
				GCC_WARN_ABOUT_RETURN_TYPE = YES_ERROR;
				GCC_WARN_UNDECLARED_SELECTOR = YES;
				GCC_WARN_UNINITIALIZED_AUTOS = YES_AGGRESSIVE;
				GCC_WARN_UNUSED_FUNCTION = YES;
				GCC_WARN_UNUSED_VARIABLE = YES;
				IPHONEOS_DEPLOYMENT_TARGET = 13.0;
				MTL_ENABLE_DEBUG_INFO = NO;
				MTL_FAST_MATH = YES;
				SDKROOT = iphoneos;
				SWIFT_COMPILATION_MODE = wholemodule;
				SWIFT_OPTIMIZATION_LEVEL = "-O";
				VALIDATE_PRODUCT = YES;
			};
			name = Release;
		};
		4EE2A20E22B6455F008AE412 /* Debug */ = {
			isa = XCBuildConfiguration;
			baseConfigurationReference = 957F03270CC4FE3995B78D18 /* Pods-RealTimeChat.debug.xcconfig */;
			buildSettings = {
				ASSETCATALOG_COMPILER_APPICON_NAME = AppIcon;
				CODE_SIGN_STYLE = Automatic;
				DEVELOPMENT_TEAM = 7Y7RMB259L;
				INFOPLIST_FILE = RealTimeChat/Info.plist;
				IPHONEOS_DEPLOYMENT_TARGET = 12.0;
				LD_RUNPATH_SEARCH_PATHS = (
					"$(inherited)",
					"@executable_path/Frameworks",
				);
				PRODUCT_BUNDLE_IDENTIFIER = MSalAguila.RealTimeChat;
				PRODUCT_NAME = "$(TARGET_NAME)";
				SWIFT_VERSION = 5.0;
				TARGETED_DEVICE_FAMILY = "1,2";
			};
			name = Debug;
		};
		4EE2A20F22B6455F008AE412 /* Release */ = {
			isa = XCBuildConfiguration;
			baseConfigurationReference = CD52DB6CF119394977F7C606 /* Pods-RealTimeChat.release.xcconfig */;
			buildSettings = {
				ASSETCATALOG_COMPILER_APPICON_NAME = AppIcon;
				CODE_SIGN_STYLE = Automatic;
				DEVELOPMENT_TEAM = 7Y7RMB259L;
				INFOPLIST_FILE = RealTimeChat/Info.plist;
				IPHONEOS_DEPLOYMENT_TARGET = 12.0;
				LD_RUNPATH_SEARCH_PATHS = (
					"$(inherited)",
					"@executable_path/Frameworks",
				);
				PRODUCT_BUNDLE_IDENTIFIER = MSalAguila.RealTimeChat;
				PRODUCT_NAME = "$(TARGET_NAME)";
				SWIFT_VERSION = 5.0;
				TARGETED_DEVICE_FAMILY = "1,2";
			};
			name = Release;
		};
/* End XCBuildConfiguration section */

/* Begin XCConfigurationList section */
		4EE2A1F422B6455B008AE412 /* Build configuration list for PBXProject "RealTimeChat" */ = {
			isa = XCConfigurationList;
			buildConfigurations = (
				4EE2A20B22B6455F008AE412 /* Debug */,
				4EE2A20C22B6455F008AE412 /* Release */,
			);
			defaultConfigurationIsVisible = 0;
			defaultConfigurationName = Release;
		};
		4EE2A20D22B6455F008AE412 /* Build configuration list for PBXNativeTarget "RealTimeChat" */ = {
			isa = XCConfigurationList;
			buildConfigurations = (
				4EE2A20E22B6455F008AE412 /* Debug */,
				4EE2A20F22B6455F008AE412 /* Release */,
			);
			defaultConfigurationIsVisible = 0;
			defaultConfigurationName = Release;
		};
/* End XCConfigurationList section */
	};
	rootObject = 4EE2A1F122B6455B008AE412 /* Project object */;
}
